
Microsoft Visual Studio Solution File, Format Version 12.00
# Visual Studio Version 17
VisualStudioVersion = 17.4.33213.308
MinimumVisualStudioVersion = 10.0.40219.1
Project("{FAE04EC0-301F-11D3-BF4B-00C04F79EFBC}") = "Cake_PW5", "Cake_PW5.csproj", "{6E2A83EA-7ACB-4FA3-A30B-97FD7B682E06}"
EndProject
Global
	GlobalSection(SolutionConfigurationPlatforms) = preSolution
		Debug|Any CPU = Debug|Any CPU
		Release|Any CPU = Release|Any CPU
	EndGlobalSection
	GlobalSection(ProjectConfigurationPlatforms) = postSolution
		{6E2A83EA-7ACB-4FA3-A30B-97FD7B682E06}.Debug|Any CPU.ActiveCfg = Debug|Any CPU
		{6E2A83EA-7ACB-4FA3-A30B-97FD7B682E06}.Debug|Any CPU.Build.0 = Debug|Any CPU
		{6E2A83EA-7ACB-4FA3-A30B-97FD7B682E06}.Release|Any CPU.ActiveCfg = Release|Any CPU
		{6E2A83EA-7ACB-4FA3-A30B-97FD7B682E06}.Release|Any CPU.Build.0 = Release|Any CPU
	EndGlobalSection
	GlobalSection(SolutionProperties) = preSolution
		HideSolutionNode = FALSE
	EndGlobalSection
	GlobalSection(ExtensibilityGlobals) = postSolution
		SolutionGuid = {06F93701-FB3A-4F78-991F-28B7297BB869}
	EndGlobalSection
EndGlobal
